
Microsoft Visual Studio Solution File, Format Version 12.00
# Visual Studio Version 17
VisualStudioVersion = 17.3.32901.215
MinimumVisualStudioVersion = 10.0.40219.1
Project("{9A19103F-16F7-4668-BE54-9A1E7A4F7556}") = "TicketManagementAPI", "TicketManagementAPI\TicketManagementAPI.csproj", "{FBC13AF6-30A8-4F79-8C5C-69BE34C7FB8B}"
EndProject
Project("{9A19103F-16F7-4668-BE54-9A1E7A4F7556}") = "WebHooks.API", "WebHooks\WebHooks.API.csproj", "{A3A5A705-7E67-4846-B8FA-4F9AE7676BCA}"
EndProject
Global
	GlobalSection(SolutionConfigurationPlatforms) = preSolution
		Debug|Any CPU = Debug|Any CPU
		Release|Any CPU = Release|Any CPU
	EndGlobalSection
	GlobalSection(ProjectConfigurationPlatforms) = postSolution
		{FBC13AF6-30A8-4F79-8C5C-69BE34C7FB8B}.Debug|Any CPU.ActiveCfg = Debug|Any CPU
		{FBC13AF6-30A8-4F79-8C5C-69BE34C7FB8B}.Debug|Any CPU.Build.0 = Debug|Any CPU
		{FBC13AF6-30A8-4F79-8C5C-69BE34C7FB8B}.Release|Any CPU.ActiveCfg = Release|Any CPU
		{FBC13AF6-30A8-4F79-8C5C-69BE34C7FB8B}.Release|Any CPU.Build.0 = Release|Any CPU
		{A3A5A705-7E67-4846-B8FA-4F9AE7676BCA}.Debug|Any CPU.ActiveCfg = Debug|Any CPU
		{A3A5A705-7E67-4846-B8FA-4F9AE7676BCA}.Debug|Any CPU.Build.0 = Debug|Any CPU
		{A3A5A705-7E67-4846-B8FA-4F9AE7676BCA}.Release|Any CPU.ActiveCfg = Release|Any CPU
		{A3A5A705-7E67-4846-B8FA-4F9AE7676BCA}.Release|Any CPU.Build.0 = Release|Any CPU
	EndGlobalSection
	GlobalSection(SolutionProperties) = preSolution
		HideSolutionNode = FALSE
	EndGlobalSection
	GlobalSection(ExtensibilityGlobals) = postSolution
		SolutionGuid = {34431F07-2A8E-4CF3-B111-3FFEA6D90DA1}
	EndGlobalSection
EndGlobal
